
Microsoft Visual Studio Solution File, Format Version 12.00
# Visual Studio Version 16
VisualStudioVersion = 16.0.33214.272
MinimumVisualStudioVersion = 10.0.40219.1
Project("{FAE04EC0-301F-11D3-BF4B-00C04F79EFBC}") = "ASP_DZ_1", "ASP_DZ_1\ASP_DZ_1.csproj", "{BF663022-CF2E-4B73-BE36-6887C5E27A9F}"
EndProject
Global
	GlobalSection(SolutionConfigurationPlatforms) = preSolution
		Debug|Any CPU = Debug|Any CPU
		Release|Any CPU = Release|Any CPU
	EndGlobalSection
	GlobalSection(ProjectConfigurationPlatforms) = postSolution
		{BF663022-CF2E-4B73-BE36-6887C5E27A9F}.Debug|Any CPU.ActiveCfg = Debug|Any CPU
		{BF663022-CF2E-4B73-BE36-6887C5E27A9F}.Debug|Any CPU.Build.0 = Debug|Any CPU
		{BF663022-CF2E-4B73-BE36-6887C5E27A9F}.Release|Any CPU.ActiveCfg = Release|Any CPU
		{BF663022-CF2E-4B73-BE36-6887C5E27A9F}.Release|Any CPU.Build.0 = Release|Any CPU
	EndGlobalSection
	GlobalSection(SolutionProperties) = preSolution
		HideSolutionNode = FALSE
	EndGlobalSection
	GlobalSection(ExtensibilityGlobals) = postSolution
		SolutionGuid = {2B06EDB8-DCC6-43C1-95EB-AA202A3CC4B1}
	EndGlobalSection
EndGlobal
