
Microsoft Visual Studio Solution File, Format Version 12.00
# Visual Studio Version 16
VisualStudioVersion = 16.0.33214.272
MinimumVisualStudioVersion = 10.0.40219.1
Project("{9A19103F-16F7-4668-BE54-9A1E7A4F7556}") = "Razor1", "Razor1\Razor1.csproj", "{DA8C7D4A-F1E5-492C-9E19-44DF7196EA10}"
EndProject
Project("{9A19103F-16F7-4668-BE54-9A1E7A4F7556}") = "NewsSite", "NewsSite\NewsSite.csproj", "{953845FE-332F-46C4-96A8-B21D1966C0F4}"
EndProject
Project("{9A19103F-16F7-4668-BE54-9A1E7A4F7556}") = "Intro", "Intro\Intro.csproj", "{4AF124E9-1EA1-4F35-B9CB-2866650A8ECE}"
EndProject
Project("{9A19103F-16F7-4668-BE54-9A1E7A4F7556}") = "Auth0", "Auth0\Auth0.csproj", "{B8F9DAEF-26FD-41BF-AF04-F51534710E4B}"
EndProject
Project("{9A19103F-16F7-4668-BE54-9A1E7A4F7556}") = "WebApiQuickOverView", "WebApiQuickOverView\WebApiQuickOverView.csproj", "{EE447C57-FF36-4701-9D0A-1AB2ADF27566}"
EndProject
Project("{9A19103F-16F7-4668-BE54-9A1E7A4F7556}") = "CarsShared", "Shared\CarsShared.csproj", "{554A759D-0618-4304-9F00-26899F460053}"
EndProject
Project("{9A19103F-16F7-4668-BE54-9A1E7A4F7556}") = "CarsApi", "CarsApi\CarsApi.csproj", "{A627F4FC-2021-4E65-90FA-BCF35F5D3CB0}"
EndProject
Project("{9A19103F-16F7-4668-BE54-9A1E7A4F7556}") = "CountriesCities", "CountriesCities\CountriesCities.csproj", "{C9E5BAC3-F192-4B05-96CD-88220B883CFB}"
EndProject
Project("{9A19103F-16F7-4668-BE54-9A1E7A4F7556}") = "CountriesCitiesShared", "CountriesCitiesShared\CountriesCitiesShared.csproj", "{839AC05E-A9F8-4197-B074-304B8751A81C}"
EndProject
Project("{9A19103F-16F7-4668-BE54-9A1E7A4F7556}") = "ConsoleApp1", "ConsoleApp1\ConsoleApp1.csproj", "{7EFA88FB-CDBA-4A01-BC5A-82F31F3D4776}"
EndProject
Project("{9A19103F-16F7-4668-BE54-9A1E7A4F7556}") = "AzureBlobStorage", "AzureBlobStorage\AzureBlobStorage.csproj", "{B50E2E11-0F43-40A4-BDB3-6CE61C48EC68}"
EndProject
Project("{9A19103F-16F7-4668-BE54-9A1E7A4F7556}") = "AzureQueue", "AzureQueue\AzureQueue.csproj", "{7A765FB8-29DA-41B6-AFC8-E38E933D6195}"
EndProject
Project("{9A19103F-16F7-4668-BE54-9A1E7A4F7556}") = "CarsBlazorClient", "CarsBlazorClient\CarsBlazorClient.csproj", "{8C266AA0-4F3C-4989-97BF-4150FB53F701}"
EndProject
Project("{9A19103F-16F7-4668-BE54-9A1E7A4F7556}") = "ManageLots.Server", "ManageLots\Server\ManageLots.Server.csproj", "{BF03DB13-4406-45F9-BC08-4A4CCEA93CB7}"
EndProject
Project("{9A19103F-16F7-4668-BE54-9A1E7A4F7556}") = "ManageLots.Client", "ManageLots\Client\ManageLots.Client.csproj", "{09CBFCCB-CF94-4596-82ED-4F4A1EA78EF2}"
EndProject
Project("{9A19103F-16F7-4668-BE54-9A1E7A4F7556}") = "ManageLots.Shared", "ManageLots\Shared\ManageLots.Shared.csproj", "{07EA305D-8957-4C78-9745-97E11FD90DDB}"
EndProject
Project("{9A19103F-16F7-4668-BE54-9A1E7A4F7556}") = "AzureWebJobsEx", "AzureWebJobsEx\AzureWebJobsEx.csproj", "{23542690-4E56-485F-9F91-370136496029}"
EndProject
Project("{9A19103F-16F7-4668-BE54-9A1E7A4F7556}") = "CatsCosmosDb", "CatsCosmosDb\CatsCosmosDb.csproj", "{6660E357-35CA-4BBB-96D1-E93561A04705}"
EndProject
Project("{9A19103F-16F7-4668-BE54-9A1E7A4F7556}") = "CognitiveServices", "CognitiveServices\CognitiveServices.csproj", "{2A8671A9-0985-4E99-8ED2-ED11A73A61A4}"
EndProject
Project("{FAE04EC0-301F-11D3-BF4B-00C04F79EFBC}") = "TelegramLogPollingExample", "TelegramLogPollingExample\TelegramLogPollingExample.csproj", "{C7977A23-FAF6-4AEB-B572-2B4C50DD907C}"
EndProject
Global
	GlobalSection(SolutionConfigurationPlatforms) = preSolution
		Debug|Any CPU = Debug|Any CPU
		Release|Any CPU = Release|Any CPU
	EndGlobalSection
	GlobalSection(ProjectConfigurationPlatforms) = postSolution
		{DA8C7D4A-F1E5-492C-9E19-44DF7196EA10}.Debug|Any CPU.ActiveCfg = Debug|Any CPU
		{DA8C7D4A-F1E5-492C-9E19-44DF7196EA10}.Debug|Any CPU.Build.0 = Debug|Any CPU
		{DA8C7D4A-F1E5-492C-9E19-44DF7196EA10}.Release|Any CPU.ActiveCfg = Release|Any CPU
		{DA8C7D4A-F1E5-492C-9E19-44DF7196EA10}.Release|Any CPU.Build.0 = Release|Any CPU
		{953845FE-332F-46C4-96A8-B21D1966C0F4}.Debug|Any CPU.ActiveCfg = Debug|Any CPU
		{953845FE-332F-46C4-96A8-B21D1966C0F4}.Debug|Any CPU.Build.0 = Debug|Any CPU
		{953845FE-332F-46C4-96A8-B21D1966C0F4}.Release|Any CPU.ActiveCfg = Release|Any CPU
		{953845FE-332F-46C4-96A8-B21D1966C0F4}.Release|Any CPU.Build.0 = Release|Any CPU
		{4AF124E9-1EA1-4F35-B9CB-2866650A8ECE}.Debug|Any CPU.ActiveCfg = Debug|Any CPU
		{4AF124E9-1EA1-4F35-B9CB-2866650A8ECE}.Debug|Any CPU.Build.0 = Debug|Any CPU
		{4AF124E9-1EA1-4F35-B9CB-2866650A8ECE}.Release|Any CPU.ActiveCfg = Release|Any CPU
		{4AF124E9-1EA1-4F35-B9CB-2866650A8ECE}.Release|Any CPU.Build.0 = Release|Any CPU
		{B8F9DAEF-26FD-41BF-AF04-F51534710E4B}.Debug|Any CPU.ActiveCfg = Debug|Any CPU
		{B8F9DAEF-26FD-41BF-AF04-F51534710E4B}.Debug|Any CPU.Build.0 = Debug|Any CPU
		{B8F9DAEF-26FD-41BF-AF04-F51534710E4B}.Release|Any CPU.ActiveCfg = Release|Any CPU
		{B8F9DAEF-26FD-41BF-AF04-F51534710E4B}.Release|Any CPU.Build.0 = Release|Any CPU
		{EE447C57-FF36-4701-9D0A-1AB2ADF27566}.Debug|Any CPU.ActiveCfg = Debug|Any CPU
		{EE447C57-FF36-4701-9D0A-1AB2ADF27566}.Debug|Any CPU.Build.0 = Debug|Any CPU
		{EE447C57-FF36-4701-9D0A-1AB2ADF27566}.Release|Any CPU.ActiveCfg = Release|Any CPU
		{EE447C57-FF36-4701-9D0A-1AB2ADF27566}.Release|Any CPU.Build.0 = Release|Any CPU
		{554A759D-0618-4304-9F00-26899F460053}.Debug|Any CPU.ActiveCfg = Debug|Any CPU
		{554A759D-0618-4304-9F00-26899F460053}.Debug|Any CPU.Build.0 = Debug|Any CPU
		{554A759D-0618-4304-9F00-26899F460053}.Release|Any CPU.ActiveCfg = Release|Any CPU
		{554A759D-0618-4304-9F00-26899F460053}.Release|Any CPU.Build.0 = Release|Any CPU
		{A627F4FC-2021-4E65-90FA-BCF35F5D3CB0}.Debug|Any CPU.ActiveCfg = Debug|Any CPU
		{A627F4FC-2021-4E65-90FA-BCF35F5D3CB0}.Debug|Any CPU.Build.0 = Debug|Any CPU
		{A627F4FC-2021-4E65-90FA-BCF35F5D3CB0}.Release|Any CPU.ActiveCfg = Release|Any CPU
		{A627F4FC-2021-4E65-90FA-BCF35F5D3CB0}.Release|Any CPU.Build.0 = Release|Any CPU
		{C9E5BAC3-F192-4B05-96CD-88220B883CFB}.Debug|Any CPU.ActiveCfg = Debug|Any CPU
		{C9E5BAC3-F192-4B05-96CD-88220B883CFB}.Debug|Any CPU.Build.0 = Debug|Any CPU
		{C9E5BAC3-F192-4B05-96CD-88220B883CFB}.Release|Any CPU.ActiveCfg = Release|Any CPU
		{C9E5BAC3-F192-4B05-96CD-88220B883CFB}.Release|Any CPU.Build.0 = Release|Any CPU
		{839AC05E-A9F8-4197-B074-304B8751A81C}.Debug|Any CPU.ActiveCfg = Debug|Any CPU
		{839AC05E-A9F8-4197-B074-304B8751A81C}.Debug|Any CPU.Build.0 = Debug|Any CPU
		{839AC05E-A9F8-4197-B074-304B8751A81C}.Release|Any CPU.ActiveCfg = Release|Any CPU
		{839AC05E-A9F8-4197-B074-304B8751A81C}.Release|Any CPU.Build.0 = Release|Any CPU
		{7EFA88FB-CDBA-4A01-BC5A-82F31F3D4776}.Debug|Any CPU.ActiveCfg = Debug|Any CPU
		{7EFA88FB-CDBA-4A01-BC5A-82F31F3D4776}.Debug|Any CPU.Build.0 = Debug|Any CPU
		{7EFA88FB-CDBA-4A01-BC5A-82F31F3D4776}.Release|Any CPU.ActiveCfg = Release|Any CPU
		{7EFA88FB-CDBA-4A01-BC5A-82F31F3D4776}.Release|Any CPU.Build.0 = Release|Any CPU
		{B50E2E11-0F43-40A4-BDB3-6CE61C48EC68}.Debug|Any CPU.ActiveCfg = Debug|Any CPU
		{B50E2E11-0F43-40A4-BDB3-6CE61C48EC68}.Debug|Any CPU.Build.0 = Debug|Any CPU
		{B50E2E11-0F43-40A4-BDB3-6CE61C48EC68}.Release|Any CPU.ActiveCfg = Release|Any CPU
		{B50E2E11-0F43-40A4-BDB3-6CE61C48EC68}.Release|Any CPU.Build.0 = Release|Any CPU
		{7A765FB8-29DA-41B6-AFC8-E38E933D6195}.Debug|Any CPU.ActiveCfg = Debug|Any CPU
		{7A765FB8-29DA-41B6-AFC8-E38E933D6195}.Debug|Any CPU.Build.0 = Debug|Any CPU
		{7A765FB8-29DA-41B6-AFC8-E38E933D6195}.Release|Any CPU.ActiveCfg = Release|Any CPU
		{7A765FB8-29DA-41B6-AFC8-E38E933D6195}.Release|Any CPU.Build.0 = Release|Any CPU
		{8C266AA0-4F3C-4989-97BF-4150FB53F701}.Debug|Any CPU.ActiveCfg = Debug|Any CPU
		{8C266AA0-4F3C-4989-97BF-4150FB53F701}.Debug|Any CPU.Build.0 = Debug|Any CPU
		{8C266AA0-4F3C-4989-97BF-4150FB53F701}.Release|Any CPU.ActiveCfg = Release|Any CPU
		{8C266AA0-4F3C-4989-97BF-4150FB53F701}.Release|Any CPU.Build.0 = Release|Any CPU
		{BF03DB13-4406-45F9-BC08-4A4CCEA93CB7}.Debug|Any CPU.ActiveCfg = Debug|Any CPU
		{BF03DB13-4406-45F9-BC08-4A4CCEA93CB7}.Debug|Any CPU.Build.0 = Debug|Any CPU
		{BF03DB13-4406-45F9-BC08-4A4CCEA93CB7}.Release|Any CPU.ActiveCfg = Release|Any CPU
		{BF03DB13-4406-45F9-BC08-4A4CCEA93CB7}.Release|Any CPU.Build.0 = Release|Any CPU
		{09CBFCCB-CF94-4596-82ED-4F4A1EA78EF2}.Debug|Any CPU.ActiveCfg = Debug|Any CPU
		{09CBFCCB-CF94-4596-82ED-4F4A1EA78EF2}.Debug|Any CPU.Build.0 = Debug|Any CPU
		{09CBFCCB-CF94-4596-82ED-4F4A1EA78EF2}.Release|Any CPU.ActiveCfg = Release|Any CPU
		{09CBFCCB-CF94-4596-82ED-4F4A1EA78EF2}.Release|Any CPU.Build.0 = Release|Any CPU
		{07EA305D-8957-4C78-9745-97E11FD90DDB}.Debug|Any CPU.ActiveCfg = Debug|Any CPU
		{07EA305D-8957-4C78-9745-97E11FD90DDB}.Debug|Any CPU.Build.0 = Debug|Any CPU
		{07EA305D-8957-4C78-9745-97E11FD90DDB}.Release|Any CPU.ActiveCfg = Release|Any CPU
		{07EA305D-8957-4C78-9745-97E11FD90DDB}.Release|Any CPU.Build.0 = Release|Any CPU
		{23542690-4E56-485F-9F91-370136496029}.Debug|Any CPU.ActiveCfg = Debug|Any CPU
		{23542690-4E56-485F-9F91-370136496029}.Debug|Any CPU.Build.0 = Debug|Any CPU
		{23542690-4E56-485F-9F91-370136496029}.Release|Any CPU.ActiveCfg = Release|Any CPU
		{23542690-4E56-485F-9F91-370136496029}.Release|Any CPU.Build.0 = Release|Any CPU
		{6660E357-35CA-4BBB-96D1-E93561A04705}.Debug|Any CPU.ActiveCfg = Debug|Any CPU
		{6660E357-35CA-4BBB-96D1-E93561A04705}.Debug|Any CPU.Build.0 = Debug|Any CPU
		{6660E357-35CA-4BBB-96D1-E93561A04705}.Release|Any CPU.ActiveCfg = Release|Any CPU
		{6660E357-35CA-4BBB-96D1-E93561A04705}.Release|Any CPU.Build.0 = Release|Any CPU
		{2A8671A9-0985-4E99-8ED2-ED11A73A61A4}.Debug|Any CPU.ActiveCfg = Debug|Any CPU
		{2A8671A9-0985-4E99-8ED2-ED11A73A61A4}.Debug|Any CPU.Build.0 = Debug|Any CPU
		{2A8671A9-0985-4E99-8ED2-ED11A73A61A4}.Release|Any CPU.ActiveCfg = Release|Any CPU
		{2A8671A9-0985-4E99-8ED2-ED11A73A61A4}.Release|Any CPU.Build.0 = Release|Any CPU
		{C7977A23-FAF6-4AEB-B572-2B4C50DD907C}.Debug|Any CPU.ActiveCfg = Debug|Any CPU
		{C7977A23-FAF6-4AEB-B572-2B4C50DD907C}.Debug|Any CPU.Build.0 = Debug|Any CPU
		{C7977A23-FAF6-4AEB-B572-2B4C50DD907C}.Release|Any CPU.ActiveCfg = Release|Any CPU
		{C7977A23-FAF6-4AEB-B572-2B4C50DD907C}.Release|Any CPU.Build.0 = Release|Any CPU
	EndGlobalSection
	GlobalSection(SolutionProperties) = preSolution
		HideSolutionNode = FALSE
	EndGlobalSection
	GlobalSection(ExtensibilityGlobals) = postSolution
		SolutionGuid = {67677461-027E-4350-90EE-47473B6398BB}
	EndGlobalSection
EndGlobal
